FORGE
  remote: https://forgeapi.puppetlabs.com
  specs:
    puppetlabs-apt (1.6.0)
      puppetlabs-stdlib (>= 2.2.1)
    puppetlabs-concat (1.1.0)
      puppetlabs-stdlib (>= 4.0.0)
    puppetlabs-firewall (1.1.3)
    puppetlabs-java (1.1.2)
      puppetlabs-stdlib (>= 2.4.0)
    puppetlabs-postgresql (3.4.2)
      puppetlabs-apt (< 2.0.0, >= 1.1.0)
      puppetlabs-concat (< 2.0.0, >= 1.0.0)
      puppetlabs-firewall (>= 0.0.4)
      puppetlabs-stdlib (< 5.0.0, >= 3.2.0)
    puppetlabs-stdlib (4.3.2)
    puppetlabs-tftp (0.2.2)
      puppetlabs-xinetd (>= 1.1.0)
    puppetlabs-xinetd (1.3.1)
      puppetlabs-stdlib (>= 2.2.1)

DEPENDENCIES
  puppetlabs-java (>= 1.0.1)
  puppetlabs-postgresql (>= 3.4.2)
  puppetlabs-tftp (>= 0.2.1)

